
Microsoft Visual Studio Solution File, Format Version 12.00
# Visual Studio 15
VisualStudioVersion = 15.0.27924.0
MinimumVisualStudioVersion = 10.0.40219.1
Project("{FAE04EC0-301F-11D3-BF4B-00C04F79EFBC}") = "DodgyService", "DodgyService\DodgyService.csproj", "{531D19D4-F49A-4684-90C2-273E58B58BF9}"
EndProject
Global
	GlobalSection(SolutionConfigurationPlatforms) = preSolution
		Debug|Any CPU = Debug|Any CPU
		Release|Any CPU = Release|Any CPU
	EndGlobalSection
	GlobalSection(ProjectConfigurationPlatforms) = postSolution
		{531D19D4-F49A-4684-90C2-273E58B58BF9}.Debug|Any CPU.ActiveCfg = Debug|Any CPU
		{531D19D4-F49A-4684-90C2-273E58B58BF9}.Debug|Any CPU.Build.0 = Debug|Any CPU
		{531D19D4-F49A-4684-90C2-273E58B58BF9}.Release|Any CPU.ActiveCfg = Release|Any CPU
		{531D19D4-F49A-4684-90C2-273E58B58BF9}.Release|Any CPU.Build.0 = Release|Any CPU
	EndGlobalSection
	GlobalSection(SolutionProperties) = preSolution
		HideSolutionNode = FALSE
	EndGlobalSection
	GlobalSection(ExtensibilityGlobals) = postSolution
		SolutionGuid = {AFF522CB-45DB-480B-8190-19B9BDBB5506}
	EndGlobalSection
EndGlobal
